
Microsoft Visual Studio Solution File, Format Version 11.00
# Visual C++ Express 2010
Project("{8BC9CEB8-8B4A-11D0-8D11-00A0C91BC942}") = "Server", "build\msvc9\Server.vcxproj", "{FB39ADCE-ACD0-4516-B14B-6C58A787F6A2}"
EndProject
Project("{8BC9CEB8-8B4A-11D0-8D11-00A0C91BC942}") = "Core", "build\msvc9\Core.vcxproj", "{4B97591E-C124-44CE-AA98-D8086FC9BFEC}"
EndProject
Project("{8BC9CEB8-8B4A-11D0-8D11-00A0C91BC942}") = "Editor", "build\msvc9\Editor.vcxproj", "{68C71437-26B5-46EE-87B6-F225EA16396D}"
EndProject
Project("{8BC9CEB8-8B4A-11D0-8D11-00A0C91BC942}") = "Engine", "build\msvc9\Engine.vcxproj", "{998D7B99-03DC-954C-A2A1-B83E1F0E2772}"
EndProject
Project("{8BC9CEB8-8B4A-11D0-8D11-00A0C91BC942}") = "Examples", "build\msvc9\Examples.vcxproj", "{7E63C46E-4243-4806-AE6C-944A2476F29F}"
EndProject
Global
	GlobalSection(SolutionConfigurationPlatforms) = preSolution
		Debug|Win32 = Debug|Win32
		DLL Debug|Win32 = DLL Debug|Win32
		MinSizeRel|Win32 = MinSizeRel|Win32
		Release|Win32 = Release|Win32
		RelWithDebInfo|Win32 = RelWithDebInfo|Win32
	EndGlobalSection
	GlobalSection(ProjectConfigurationPlatforms) = postSolution
		{FB39ADCE-ACD0-4516-B14B-6C58A787F6A2}.Debug|Win32.ActiveCfg = Debug|Win32
		{FB39ADCE-ACD0-4516-B14B-6C58A787F6A2}.Debug|Win32.Build.0 = Debug|Win32
		{FB39ADCE-ACD0-4516-B14B-6C58A787F6A2}.DLL Debug|Win32.ActiveCfg = Debug|Win32
		{FB39ADCE-ACD0-4516-B14B-6C58A787F6A2}.DLL Debug|Win32.Build.0 = Debug|Win32
		{FB39ADCE-ACD0-4516-B14B-6C58A787F6A2}.MinSizeRel|Win32.ActiveCfg = Release|Win32
		{FB39ADCE-ACD0-4516-B14B-6C58A787F6A2}.MinSizeRel|Win32.Build.0 = Release|Win32
		{FB39ADCE-ACD0-4516-B14B-6C58A787F6A2}.Release|Win32.ActiveCfg = Release|Win32
		{FB39ADCE-ACD0-4516-B14B-6C58A787F6A2}.Release|Win32.Build.0 = Release|Win32
		{FB39ADCE-ACD0-4516-B14B-6C58A787F6A2}.RelWithDebInfo|Win32.ActiveCfg = Release|Win32
		{FB39ADCE-ACD0-4516-B14B-6C58A787F6A2}.RelWithDebInfo|Win32.Build.0 = Release|Win32
		{4B97591E-C124-44CE-AA98-D8086FC9BFEC}.Debug|Win32.ActiveCfg = Debug|Win32
		{4B97591E-C124-44CE-AA98-D8086FC9BFEC}.Debug|Win32.Build.0 = Debug|Win32
		{4B97591E-C124-44CE-AA98-D8086FC9BFEC}.DLL Debug|Win32.ActiveCfg = Debug|Win32
		{4B97591E-C124-44CE-AA98-D8086FC9BFEC}.DLL Debug|Win32.Build.0 = Debug|Win32
		{4B97591E-C124-44CE-AA98-D8086FC9BFEC}.MinSizeRel|Win32.ActiveCfg = Release|Win32
		{4B97591E-C124-44CE-AA98-D8086FC9BFEC}.MinSizeRel|Win32.Build.0 = Release|Win32
		{4B97591E-C124-44CE-AA98-D8086FC9BFEC}.Release|Win32.ActiveCfg = Release|Win32
		{4B97591E-C124-44CE-AA98-D8086FC9BFEC}.Release|Win32.Build.0 = Release|Win32
		{4B97591E-C124-44CE-AA98-D8086FC9BFEC}.RelWithDebInfo|Win32.ActiveCfg = Release|Win32
		{4B97591E-C124-44CE-AA98-D8086FC9BFEC}.RelWithDebInfo|Win32.Build.0 = Release|Win32
		{68C71437-26B5-46EE-87B6-F225EA16396D}.Debug|Win32.ActiveCfg = Debug|Win32
		{68C71437-26B5-46EE-87B6-F225EA16396D}.Debug|Win32.Build.0 = Debug|Win32
		{68C71437-26B5-46EE-87B6-F225EA16396D}.DLL Debug|Win32.ActiveCfg = DLL Debug|Win32
		{68C71437-26B5-46EE-87B6-F225EA16396D}.DLL Debug|Win32.Build.0 = DLL Debug|Win32
		{68C71437-26B5-46EE-87B6-F225EA16396D}.MinSizeRel|Win32.ActiveCfg = DLL Debug|Win32
		{68C71437-26B5-46EE-87B6-F225EA16396D}.MinSizeRel|Win32.Build.0 = DLL Debug|Win32
		{68C71437-26B5-46EE-87B6-F225EA16396D}.Release|Win32.ActiveCfg = Release|Win32
		{68C71437-26B5-46EE-87B6-F225EA16396D}.Release|Win32.Build.0 = Release|Win32
		{68C71437-26B5-46EE-87B6-F225EA16396D}.RelWithDebInfo|Win32.ActiveCfg = Release|Win32
		{68C71437-26B5-46EE-87B6-F225EA16396D}.RelWithDebInfo|Win32.Build.0 = Release|Win32
		{998D7B99-03DC-954C-A2A1-B83E1F0E2772}.Debug|Win32.ActiveCfg = Debug|Win32
		{998D7B99-03DC-954C-A2A1-B83E1F0E2772}.Debug|Win32.Build.0 = Debug|Win32
		{998D7B99-03DC-954C-A2A1-B83E1F0E2772}.DLL Debug|Win32.ActiveCfg = DLL Debug|Win32
		{998D7B99-03DC-954C-A2A1-B83E1F0E2772}.DLL Debug|Win32.Build.0 = DLL Debug|Win32
		{998D7B99-03DC-954C-A2A1-B83E1F0E2772}.MinSizeRel|Win32.ActiveCfg = DLL Debug|Win32
		{998D7B99-03DC-954C-A2A1-B83E1F0E2772}.MinSizeRel|Win32.Build.0 = DLL Debug|Win32
		{998D7B99-03DC-954C-A2A1-B83E1F0E2772}.Release|Win32.ActiveCfg = Release|Win32
		{998D7B99-03DC-954C-A2A1-B83E1F0E2772}.Release|Win32.Build.0 = Release|Win32
		{998D7B99-03DC-954C-A2A1-B83E1F0E2772}.RelWithDebInfo|Win32.ActiveCfg = Release|Win32
		{998D7B99-03DC-954C-A2A1-B83E1F0E2772}.RelWithDebInfo|Win32.Build.0 = Release|Win32
		{7E63C46E-4243-4806-AE6C-944A2476F29F}.Debug|Win32.ActiveCfg = Debug|Win32
		{7E63C46E-4243-4806-AE6C-944A2476F29F}.Debug|Win32.Build.0 = Debug|Win32
		{7E63C46E-4243-4806-AE6C-944A2476F29F}.DLL Debug|Win32.ActiveCfg = DLL Debug|Win32
		{7E63C46E-4243-4806-AE6C-944A2476F29F}.DLL Debug|Win32.Build.0 = DLL Debug|Win32
		{7E63C46E-4243-4806-AE6C-944A2476F29F}.MinSizeRel|Win32.ActiveCfg = DLL Debug|Win32
		{7E63C46E-4243-4806-AE6C-944A2476F29F}.MinSizeRel|Win32.Build.0 = DLL Debug|Win32
		{7E63C46E-4243-4806-AE6C-944A2476F29F}.Release|Win32.ActiveCfg = Release|Win32
		{7E63C46E-4243-4806-AE6C-944A2476F29F}.Release|Win32.Build.0 = Release|Win32
		{7E63C46E-4243-4806-AE6C-944A2476F29F}.RelWithDebInfo|Win32.ActiveCfg = Release|Win32
		{7E63C46E-4243-4806-AE6C-944A2476F29F}.RelWithDebInfo|Win32.Build.0 = Release|Win32
	EndGlobalSection
	GlobalSection(SolutionProperties) = preSolution
		HideSolutionNode = FALSE
	EndGlobalSection
EndGlobal
