<?xml version="1.0" encoding="utf-8"?>
<Project ToolsVersion="4.0" xmlns="http://schemas.microsoft.com/developer/msbuild/2003">
  <ItemGroup>
    <None Include="..\..\EngineBindings.lua" />
  </ItemGroup>
  <ItemGroup>
    <ClInclude Include="..\..\Color.h" />
    <ClInclude Include="..\..\Concurrency.h" />
    <ClInclude Include="..\..\Engine.h" />
    <ClInclude Include="..\..\EulerAngles.h" />
    <ClInclude Include="..\..\Extension.h" />
    <ClInclude Include="..\..\Helpers.h" />
    <ClInclude Include="..\..\Log.h" />
    <ClInclude Include="..\..\Memory.h" />
    <ClInclude Include="..\..\Quaternion.h" />
    <ClInclude Include="..\..\Resource.h" />
    <ClInclude Include="..\..\ResourceLoader.h" />
    <ClInclude Include="..\..\ResourceManager.h" />
    <ClInclude Include="..\..\Stream.h" />
    <ClInclude Include="..\..\String.h" />
    <ClInclude Include="..\..\Vector.h" />
  </ItemGroup>
  <ItemGroup>
    <ClCompile Include="..\..\Color.cpp" />
    <ClCompile Include="..\..\Concurrency.cpp" />
    <ClCompile Include="..\..\Engine.cpp" />
    <ClCompile Include="..\..\EulerAngles.cpp" />
    <ClCompile Include="..\..\Extension.cpp" />
    <ClCompile Include="..\..\Helpers.cpp" />
    <ClCompile Include="..\..\Log.cpp" />
    <ClCompile Include="..\..\Memory.cpp" />
    <ClCompile Include="..\..\Quaternion.cpp" />
    <ClCompile Include="..\..\Resource.cpp" />
    <ClCompile Include="..\..\ResourceLoader.cpp" />
    <ClCompile Include="..\..\ResourceManager.cpp" />
    <ClCompile Include="..\..\Stream.cpp" />
    <ClCompile Include="..\..\String.cpp" />
    <ClCompile Include="..\..\Vector.cpp" />
  </ItemGroup>
</Project>
